<?xml version="1.0" encoding="UTF-8"?>
<CodeBlocks_project_file>
	<FileVersion major="1" minor="6"/>
	<Project>
		<Option title="pbrt"/>
		<Option makefile_is_custom="1"/>
		<Option compiler="gcc"/>
		<Option virtualFolders="CMake Files\;CMake Files\OpenMesh\;CMake Files\ann\;CMake Files\pbrt\;CMake Files\registration\;"/>
		<Build>
			<Target title="all">
				<Option working_dir="/home/rsulzer/cpp/reconbench-CMake/debug/pbrt"/>
				<Option type="4"/>
				<MakeCommands>
					<Build command="/usr/bin/make -j28 -f &quot;/home/rsulzer/cpp/reconbench-CMake/debug/pbrt/Makefile&quot;  VERBOSE=1 all"/>
					<CompileFile command="/usr/bin/make -j28 -f &quot;/home/rsulzer/cpp/reconbench-CMake/debug/pbrt/Makefile&quot;  VERBOSE=1 &quot;$file&quot;"/>
					<Clean command="/usr/bin/make -j28 -f &quot;/home/rsulzer/cpp/reconbench-CMake/debug/pbrt/Makefile&quot;  VERBOSE=1 clean"/>
					<DistClean command="/usr/bin/make -j28 -f &quot;/home/rsulzer/cpp/reconbench-CMake/debug/pbrt/Makefile&quot;  VERBOSE=1 clean"/>
				</MakeCommands>
			</Target>
			<Target title="pbrt">
				<Option output="/home/rsulzer/cpp/reconbench-CMake/debug/pbrt/libpbrt.a" prefix_auto="0" extension_auto="0"/>
				<Option working_dir="/home/rsulzer/cpp/reconbench-CMake/debug/pbrt"/>
				<Option object_output="./"/>
				<Option type="2"/>
				<Option compiler="gcc"/>
				<Compiler>
					<Add option="-DPBRT_PROBES_NONE"/>
					<Add directory="/home/rsulzer/cpp/reconbench-CMake/pbrt/src"/>
					<Add directory="/home/rsulzer/cpp/reconbench-CMake/pbrt/src/core"/>
					<Add directory="/home/rsulzer/cpp/reconbench-CMake/pbrt/src/shapes"/>
					<Add directory="/home/rsulzer/cpp/reconbench-CMake/pbrt/src/accelerators"/>
					<Add directory="/home/rsulzer/cpp/reconbench-CMake/pbrt/src/materials"/>
					<Add directory="/usr/include/c++/7"/>
					<Add directory="/usr/include/x86_64-linux-gnu/c++/7"/>
					<Add directory="/usr/include/c++/7/backward"/>
					<Add directory="/usr/lib/gcc/x86_64-linux-gnu/7/include"/>
					<Add directory="/usr/local/include"/>
					<Add directory="/usr/lib/gcc/x86_64-linux-gnu/7/include-fixed"/>
					<Add directory="/usr/include/x86_64-linux-gnu"/>
					<Add directory="/usr/include"/>
				</Compiler>
				<MakeCommands>
					<Build command="/usr/bin/make -j28 -f &quot;/home/rsulzer/cpp/reconbench-CMake/debug/pbrt/Makefile&quot;  VERBOSE=1 pbrt"/>
					<CompileFile command="/usr/bin/make -j28 -f &quot;/home/rsulzer/cpp/reconbench-CMake/debug/pbrt/Makefile&quot;  VERBOSE=1 &quot;$file&quot;"/>
					<Clean command="/usr/bin/make -j28 -f &quot;/home/rsulzer/cpp/reconbench-CMake/debug/pbrt/Makefile&quot;  VERBOSE=1 clean"/>
					<DistClean command="/usr/bin/make -j28 -f &quot;/home/rsulzer/cpp/reconbench-CMake/debug/pbrt/Makefile&quot;  VERBOSE=1 clean"/>
				</MakeCommands>
			</Target>
			<Target title="pbrt/fast">
				<Option output="/home/rsulzer/cpp/reconbench-CMake/debug/pbrt/libpbrt.a" prefix_auto="0" extension_auto="0"/>
				<Option working_dir="/home/rsulzer/cpp/reconbench-CMake/debug/pbrt"/>
				<Option object_output="./"/>
				<Option type="2"/>
				<Option compiler="gcc"/>
				<Compiler>
					<Add option="-DPBRT_PROBES_NONE"/>
					<Add directory="/home/rsulzer/cpp/reconbench-CMake/pbrt/src"/>
					<Add directory="/home/rsulzer/cpp/reconbench-CMake/pbrt/src/core"/>
					<Add directory="/home/rsulzer/cpp/reconbench-CMake/pbrt/src/shapes"/>
					<Add directory="/home/rsulzer/cpp/reconbench-CMake/pbrt/src/accelerators"/>
					<Add directory="/home/rsulzer/cpp/reconbench-CMake/pbrt/src/materials"/>
					<Add directory="/usr/include/c++/7"/>
					<Add directory="/usr/include/x86_64-linux-gnu/c++/7"/>
					<Add directory="/usr/include/c++/7/backward"/>
					<Add directory="/usr/lib/gcc/x86_64-linux-gnu/7/include"/>
					<Add directory="/usr/local/include"/>
					<Add directory="/usr/lib/gcc/x86_64-linux-gnu/7/include-fixed"/>
					<Add directory="/usr/include/x86_64-linux-gnu"/>
					<Add directory="/usr/include"/>
				</Compiler>
				<MakeCommands>
					<Build command="/usr/bin/make -j28 -f &quot;/home/rsulzer/cpp/reconbench-CMake/debug/pbrt/Makefile&quot;  VERBOSE=1 pbrt/fast"/>
					<CompileFile command="/usr/bin/make -j28 -f &quot;/home/rsulzer/cpp/reconbench-CMake/debug/pbrt/Makefile&quot;  VERBOSE=1 &quot;$file&quot;"/>
					<Clean command="/usr/bin/make -j28 -f &quot;/home/rsulzer/cpp/reconbench-CMake/debug/pbrt/Makefile&quot;  VERBOSE=1 clean"/>
					<DistClean command="/usr/bin/make -j28 -f &quot;/home/rsulzer/cpp/reconbench-CMake/debug/pbrt/Makefile&quot;  VERBOSE=1 clean"/>
				</MakeCommands>
			</Target>
		</Build>
		<Unit filename="/home/rsulzer/cpp/reconbench-CMake/pbrt/src/accelerators/bvh.cpp">
			<Option target="pbrt"/>
		</Unit>
		<Unit filename="/home/rsulzer/cpp/reconbench-CMake/pbrt/src/accelerators/bvh.h">
			<Option target="pbrt"/>
		</Unit>
		<Unit filename="/home/rsulzer/cpp/reconbench-CMake/pbrt/src/accelerators/grid.cpp">
			<Option target="pbrt"/>
		</Unit>
		<Unit filename="/home/rsulzer/cpp/reconbench-CMake/pbrt/src/accelerators/grid.h">
			<Option target="pbrt"/>
		</Unit>
		<Unit filename="/home/rsulzer/cpp/reconbench-CMake/pbrt/src/accelerators/kdtreeaccel.cpp">
			<Option target="pbrt"/>
		</Unit>
		<Unit filename="/home/rsulzer/cpp/reconbench-CMake/pbrt/src/accelerators/kdtreeaccel.h">
			<Option target="pbrt"/>
		</Unit>
		<Unit filename="/home/rsulzer/cpp/reconbench-CMake/pbrt/src/cameras/environment.cpp">
			<Option target="pbrt"/>
		</Unit>
		<Unit filename="/home/rsulzer/cpp/reconbench-CMake/pbrt/src/cameras/environment.h">
			<Option target="pbrt"/>
		</Unit>
		<Unit filename="/home/rsulzer/cpp/reconbench-CMake/pbrt/src/cameras/orthographic.cpp">
			<Option target="pbrt"/>
		</Unit>
		<Unit filename="/home/rsulzer/cpp/reconbench-CMake/pbrt/src/cameras/orthographic.h">
			<Option target="pbrt"/>
		</Unit>
		<Unit filename="/home/rsulzer/cpp/reconbench-CMake/pbrt/src/cameras/perspective.cpp">
			<Option target="pbrt"/>
		</Unit>
		<Unit filename="/home/rsulzer/cpp/reconbench-CMake/pbrt/src/cameras/perspective.h">
			<Option target="pbrt"/>
		</Unit>
		<Unit filename="/home/rsulzer/cpp/reconbench-CMake/pbrt/src/core/api.cpp">
			<Option target="pbrt"/>
		</Unit>
		<Unit filename="/home/rsulzer/cpp/reconbench-CMake/pbrt/src/core/api.h">
			<Option target="pbrt"/>
		</Unit>
		<Unit filename="/home/rsulzer/cpp/reconbench-CMake/pbrt/src/core/camera.cpp">
			<Option target="pbrt"/>
		</Unit>
		<Unit filename="/home/rsulzer/cpp/reconbench-CMake/pbrt/src/core/camera.h">
			<Option target="pbrt"/>
		</Unit>
		<Unit filename="/home/rsulzer/cpp/reconbench-CMake/pbrt/src/core/diffgeom.cpp">
			<Option target="pbrt"/>
		</Unit>
		<Unit filename="/home/rsulzer/cpp/reconbench-CMake/pbrt/src/core/diffgeom.h">
			<Option target="pbrt"/>
		</Unit>
		<Unit filename="/home/rsulzer/cpp/reconbench-CMake/pbrt/src/core/error.cpp">
			<Option target="pbrt"/>
		</Unit>
		<Unit filename="/home/rsulzer/cpp/reconbench-CMake/pbrt/src/core/error.h">
			<Option target="pbrt"/>
		</Unit>
		<Unit filename="/home/rsulzer/cpp/reconbench-CMake/pbrt/src/core/fileutil.cpp">
			<Option target="pbrt"/>
		</Unit>
		<Unit filename="/home/rsulzer/cpp/reconbench-CMake/pbrt/src/core/fileutil.h">
			<Option target="pbrt"/>
		</Unit>
		<Unit filename="/home/rsulzer/cpp/reconbench-CMake/pbrt/src/core/film.cpp">
			<Option target="pbrt"/>
		</Unit>
		<Unit filename="/home/rsulzer/cpp/reconbench-CMake/pbrt/src/core/film.h">
			<Option target="pbrt"/>
		</Unit>
		<Unit filename="/home/rsulzer/cpp/reconbench-CMake/pbrt/src/core/filter.cpp">
			<Option target="pbrt"/>
		</Unit>
		<Unit filename="/home/rsulzer/cpp/reconbench-CMake/pbrt/src/core/filter.h">
			<Option target="pbrt"/>
		</Unit>
		<Unit filename="/home/rsulzer/cpp/reconbench-CMake/pbrt/src/core/floatfile.cpp">
			<Option target="pbrt"/>
		</Unit>
		<Unit filename="/home/rsulzer/cpp/reconbench-CMake/pbrt/src/core/floatfile.h">
			<Option target="pbrt"/>
		</Unit>
		<Unit filename="/home/rsulzer/cpp/reconbench-CMake/pbrt/src/core/geometry.cpp">
			<Option target="pbrt"/>
		</Unit>
		<Unit filename="/home/rsulzer/cpp/reconbench-CMake/pbrt/src/core/geometry.h">
			<Option target="pbrt"/>
		</Unit>
		<Unit filename="/home/rsulzer/cpp/reconbench-CMake/pbrt/src/core/imageio.cpp">
			<Option target="pbrt"/>
		</Unit>
		<Unit filename="/home/rsulzer/cpp/reconbench-CMake/pbrt/src/core/imageio.h">
			<Option target="pbrt"/>
		</Unit>
		<Unit filename="/home/rsulzer/cpp/reconbench-CMake/pbrt/src/core/integrator.cpp">
			<Option target="pbrt"/>
		</Unit>
		<Unit filename="/home/rsulzer/cpp/reconbench-CMake/pbrt/src/core/integrator.h">
			<Option target="pbrt"/>
		</Unit>
		<Unit filename="/home/rsulzer/cpp/reconbench-CMake/pbrt/src/core/intersection.cpp">
			<Option target="pbrt"/>
		</Unit>
		<Unit filename="/home/rsulzer/cpp/reconbench-CMake/pbrt/src/core/intersection.h">
			<Option target="pbrt"/>
		</Unit>
		<Unit filename="/home/rsulzer/cpp/reconbench-CMake/pbrt/src/core/light.cpp">
			<Option target="pbrt"/>
		</Unit>
		<Unit filename="/home/rsulzer/cpp/reconbench-CMake/pbrt/src/core/light.h">
			<Option target="pbrt"/>
		</Unit>
		<Unit filename="/home/rsulzer/cpp/reconbench-CMake/pbrt/src/core/material.cpp">
			<Option target="pbrt"/>
		</Unit>
		<Unit filename="/home/rsulzer/cpp/reconbench-CMake/pbrt/src/core/material.h">
			<Option target="pbrt"/>
		</Unit>
		<Unit filename="/home/rsulzer/cpp/reconbench-CMake/pbrt/src/core/memory.cpp">
			<Option target="pbrt"/>
		</Unit>
		<Unit filename="/home/rsulzer/cpp/reconbench-CMake/pbrt/src/core/memory.h">
			<Option target="pbrt"/>
		</Unit>
		<Unit filename="/home/rsulzer/cpp/reconbench-CMake/pbrt/src/core/montecarlo.cpp">
			<Option target="pbrt"/>
		</Unit>
		<Unit filename="/home/rsulzer/cpp/reconbench-CMake/pbrt/src/core/montecarlo.h">
			<Option target="pbrt"/>
		</Unit>
		<Unit filename="/home/rsulzer/cpp/reconbench-CMake/pbrt/src/core/parallel.cpp">
			<Option target="pbrt"/>
		</Unit>
		<Unit filename="/home/rsulzer/cpp/reconbench-CMake/pbrt/src/core/parallel.h">
			<Option target="pbrt"/>
		</Unit>
		<Unit filename="/home/rsulzer/cpp/reconbench-CMake/pbrt/src/core/paramset.cpp">
			<Option target="pbrt"/>
		</Unit>
		<Unit filename="/home/rsulzer/cpp/reconbench-CMake/pbrt/src/core/paramset.h">
			<Option target="pbrt"/>
		</Unit>
		<Unit filename="/home/rsulzer/cpp/reconbench-CMake/pbrt/src/core/parser.cpp">
			<Option target="pbrt"/>
		</Unit>
		<Unit filename="/home/rsulzer/cpp/reconbench-CMake/pbrt/src/core/parser.h">
			<Option target="pbrt"/>
		</Unit>
		<Unit filename="/home/rsulzer/cpp/reconbench-CMake/pbrt/src/core/primitive.cpp">
			<Option target="pbrt"/>
		</Unit>
		<Unit filename="/home/rsulzer/cpp/reconbench-CMake/pbrt/src/core/primitive.h">
			<Option target="pbrt"/>
		</Unit>
		<Unit filename="/home/rsulzer/cpp/reconbench-CMake/pbrt/src/core/probes.cpp">
			<Option target="pbrt"/>
		</Unit>
		<Unit filename="/home/rsulzer/cpp/reconbench-CMake/pbrt/src/core/probes.h">
			<Option target="pbrt"/>
		</Unit>
		<Unit filename="/home/rsulzer/cpp/reconbench-CMake/pbrt/src/core/progressreporter.cpp">
			<Option target="pbrt"/>
		</Unit>
		<Unit filename="/home/rsulzer/cpp/reconbench-CMake/pbrt/src/core/progressreporter.h">
			<Option target="pbrt"/>
		</Unit>
		<Unit filename="/home/rsulzer/cpp/reconbench-CMake/pbrt/src/core/quaternion.cpp">
			<Option target="pbrt"/>
		</Unit>
		<Unit filename="/home/rsulzer/cpp/reconbench-CMake/pbrt/src/core/quaternion.h">
			<Option target="pbrt"/>
		</Unit>
		<Unit filename="/home/rsulzer/cpp/reconbench-CMake/pbrt/src/core/reflection.cpp">
			<Option target="pbrt"/>
		</Unit>
		<Unit filename="/home/rsulzer/cpp/reconbench-CMake/pbrt/src/core/reflection.h">
			<Option target="pbrt"/>
		</Unit>
		<Unit filename="/home/rsulzer/cpp/reconbench-CMake/pbrt/src/core/renderer.cpp">
			<Option target="pbrt"/>
		</Unit>
		<Unit filename="/home/rsulzer/cpp/reconbench-CMake/pbrt/src/core/renderer.h">
			<Option target="pbrt"/>
		</Unit>
		<Unit filename="/home/rsulzer/cpp/reconbench-CMake/pbrt/src/core/rng.cpp">
			<Option target="pbrt"/>
		</Unit>
		<Unit filename="/home/rsulzer/cpp/reconbench-CMake/pbrt/src/core/rng.h">
			<Option target="pbrt"/>
		</Unit>
		<Unit filename="/home/rsulzer/cpp/reconbench-CMake/pbrt/src/core/sampler.cpp">
			<Option target="pbrt"/>
		</Unit>
		<Unit filename="/home/rsulzer/cpp/reconbench-CMake/pbrt/src/core/sampler.h">
			<Option target="pbrt"/>
		</Unit>
		<Unit filename="/home/rsulzer/cpp/reconbench-CMake/pbrt/src/core/scene.cpp">
			<Option target="pbrt"/>
		</Unit>
		<Unit filename="/home/rsulzer/cpp/reconbench-CMake/pbrt/src/core/scene.h">
			<Option target="pbrt"/>
		</Unit>
		<Unit filename="/home/rsulzer/cpp/reconbench-CMake/pbrt/src/core/sh.cpp">
			<Option target="pbrt"/>
		</Unit>
		<Unit filename="/home/rsulzer/cpp/reconbench-CMake/pbrt/src/core/sh.h">
			<Option target="pbrt"/>
		</Unit>
		<Unit filename="/home/rsulzer/cpp/reconbench-CMake/pbrt/src/core/shape.cpp">
			<Option target="pbrt"/>
		</Unit>
		<Unit filename="/home/rsulzer/cpp/reconbench-CMake/pbrt/src/core/shape.h">
			<Option target="pbrt"/>
		</Unit>
		<Unit filename="/home/rsulzer/cpp/reconbench-CMake/pbrt/src/core/shrots.cpp">
			<Option target="pbrt"/>
		</Unit>
		<Unit filename="/home/rsulzer/cpp/reconbench-CMake/pbrt/src/core/spectrum.cpp">
			<Option target="pbrt"/>
		</Unit>
		<Unit filename="/home/rsulzer/cpp/reconbench-CMake/pbrt/src/core/spectrum.h">
			<Option target="pbrt"/>
		</Unit>
		<Unit filename="/home/rsulzer/cpp/reconbench-CMake/pbrt/src/core/texture.cpp">
			<Option target="pbrt"/>
		</Unit>
		<Unit filename="/home/rsulzer/cpp/reconbench-CMake/pbrt/src/core/texture.h">
			<Option target="pbrt"/>
		</Unit>
		<Unit filename="/home/rsulzer/cpp/reconbench-CMake/pbrt/src/core/timer.cpp">
			<Option target="pbrt"/>
		</Unit>
		<Unit filename="/home/rsulzer/cpp/reconbench-CMake/pbrt/src/core/timer.h">
			<Option target="pbrt"/>
		</Unit>
		<Unit filename="/home/rsulzer/cpp/reconbench-CMake/pbrt/src/core/transform.cpp">
			<Option target="pbrt"/>
		</Unit>
		<Unit filename="/home/rsulzer/cpp/reconbench-CMake/pbrt/src/core/transform.h">
			<Option target="pbrt"/>
		</Unit>
		<Unit filename="/home/rsulzer/cpp/reconbench-CMake/pbrt/src/core/volume.cpp">
			<Option target="pbrt"/>
		</Unit>
		<Unit filename="/home/rsulzer/cpp/reconbench-CMake/pbrt/src/core/volume.h">
			<Option target="pbrt"/>
		</Unit>
		<Unit filename="/home/rsulzer/cpp/reconbench-CMake/pbrt/src/film/image.cpp">
			<Option target="pbrt"/>
		</Unit>
		<Unit filename="/home/rsulzer/cpp/reconbench-CMake/pbrt/src/film/image.h">
			<Option target="pbrt"/>
		</Unit>
		<Unit filename="/home/rsulzer/cpp/reconbench-CMake/pbrt/src/filters/box.cpp">
			<Option target="pbrt"/>
		</Unit>
		<Unit filename="/home/rsulzer/cpp/reconbench-CMake/pbrt/src/filters/box.h">
			<Option target="pbrt"/>
		</Unit>
		<Unit filename="/home/rsulzer/cpp/reconbench-CMake/pbrt/src/filters/gaussian.cpp">
			<Option target="pbrt"/>
		</Unit>
		<Unit filename="/home/rsulzer/cpp/reconbench-CMake/pbrt/src/filters/gaussian.h">
			<Option target="pbrt"/>
		</Unit>
		<Unit filename="/home/rsulzer/cpp/reconbench-CMake/pbrt/src/filters/mitchell.cpp">
			<Option target="pbrt"/>
		</Unit>
		<Unit filename="/home/rsulzer/cpp/reconbench-CMake/pbrt/src/filters/mitchell.h">
			<Option target="pbrt"/>
		</Unit>
		<Unit filename="/home/rsulzer/cpp/reconbench-CMake/pbrt/src/filters/sinc.cpp">
			<Option target="pbrt"/>
		</Unit>
		<Unit filename="/home/rsulzer/cpp/reconbench-CMake/pbrt/src/filters/sinc.h">
			<Option target="pbrt"/>
		</Unit>
		<Unit filename="/home/rsulzer/cpp/reconbench-CMake/pbrt/src/filters/triangle.cpp">
			<Option target="pbrt"/>
		</Unit>
		<Unit filename="/home/rsulzer/cpp/reconbench-CMake/pbrt/src/filters/triangle.h">
			<Option target="pbrt"/>
		</Unit>
		<Unit filename="/home/rsulzer/cpp/reconbench-CMake/pbrt/src/integrators/ambientocclusion.cpp">
			<Option target="pbrt"/>
		</Unit>
		<Unit filename="/home/rsulzer/cpp/reconbench-CMake/pbrt/src/integrators/ambientocclusion.h">
			<Option target="pbrt"/>
		</Unit>
		<Unit filename="/home/rsulzer/cpp/reconbench-CMake/pbrt/src/integrators/diffuseprt.cpp">
			<Option target="pbrt"/>
		</Unit>
		<Unit filename="/home/rsulzer/cpp/reconbench-CMake/pbrt/src/integrators/diffuseprt.h">
			<Option target="pbrt"/>
		</Unit>
		<Unit filename="/home/rsulzer/cpp/reconbench-CMake/pbrt/src/integrators/dipolesubsurface.cpp">
			<Option target="pbrt"/>
		</Unit>
		<Unit filename="/home/rsulzer/cpp/reconbench-CMake/pbrt/src/integrators/dipolesubsurface.h">
			<Option target="pbrt"/>
		</Unit>
		<Unit filename="/home/rsulzer/cpp/reconbench-CMake/pbrt/src/integrators/directlighting.cpp">
			<Option target="pbrt"/>
		</Unit>
		<Unit filename="/home/rsulzer/cpp/reconbench-CMake/pbrt/src/integrators/directlighting.h">
			<Option target="pbrt"/>
		</Unit>
		<Unit filename="/home/rsulzer/cpp/reconbench-CMake/pbrt/src/integrators/emission.cpp">
			<Option target="pbrt"/>
		</Unit>
		<Unit filename="/home/rsulzer/cpp/reconbench-CMake/pbrt/src/integrators/emission.h">
			<Option target="pbrt"/>
		</Unit>
		<Unit filename="/home/rsulzer/cpp/reconbench-CMake/pbrt/src/integrators/glossyprt.cpp">
			<Option target="pbrt"/>
		</Unit>
		<Unit filename="/home/rsulzer/cpp/reconbench-CMake/pbrt/src/integrators/glossyprt.h">
			<Option target="pbrt"/>
		</Unit>
		<Unit filename="/home/rsulzer/cpp/reconbench-CMake/pbrt/src/integrators/igi.cpp">
			<Option target="pbrt"/>
		</Unit>
		<Unit filename="/home/rsulzer/cpp/reconbench-CMake/pbrt/src/integrators/igi.h">
			<Option target="pbrt"/>
		</Unit>
		<Unit filename="/home/rsulzer/cpp/reconbench-CMake/pbrt/src/integrators/irradiancecache.cpp">
			<Option target="pbrt"/>
		</Unit>
		<Unit filename="/home/rsulzer/cpp/reconbench-CMake/pbrt/src/integrators/irradiancecache.h">
			<Option target="pbrt"/>
		</Unit>
		<Unit filename="/home/rsulzer/cpp/reconbench-CMake/pbrt/src/integrators/path.cpp">
			<Option target="pbrt"/>
		</Unit>
		<Unit filename="/home/rsulzer/cpp/reconbench-CMake/pbrt/src/integrators/path.h">
			<Option target="pbrt"/>
		</Unit>
		<Unit filename="/home/rsulzer/cpp/reconbench-CMake/pbrt/src/integrators/photonmap.cpp">
			<Option target="pbrt"/>
		</Unit>
		<Unit filename="/home/rsulzer/cpp/reconbench-CMake/pbrt/src/integrators/photonmap.h">
			<Option target="pbrt"/>
		</Unit>
		<Unit filename="/home/rsulzer/cpp/reconbench-CMake/pbrt/src/integrators/single.cpp">
			<Option target="pbrt"/>
		</Unit>
		<Unit filename="/home/rsulzer/cpp/reconbench-CMake/pbrt/src/integrators/single.h">
			<Option target="pbrt"/>
		</Unit>
		<Unit filename="/home/rsulzer/cpp/reconbench-CMake/pbrt/src/integrators/useprobes.cpp">
			<Option target="pbrt"/>
		</Unit>
		<Unit filename="/home/rsulzer/cpp/reconbench-CMake/pbrt/src/integrators/useprobes.h">
			<Option target="pbrt"/>
		</Unit>
		<Unit filename="/home/rsulzer/cpp/reconbench-CMake/pbrt/src/integrators/whitted.cpp">
			<Option target="pbrt"/>
		</Unit>
		<Unit filename="/home/rsulzer/cpp/reconbench-CMake/pbrt/src/integrators/whitted.h">
			<Option target="pbrt"/>
		</Unit>
		<Unit filename="/home/rsulzer/cpp/reconbench-CMake/pbrt/src/lights/diffuse.cpp">
			<Option target="pbrt"/>
		</Unit>
		<Unit filename="/home/rsulzer/cpp/reconbench-CMake/pbrt/src/lights/diffuse.h">
			<Option target="pbrt"/>
		</Unit>
		<Unit filename="/home/rsulzer/cpp/reconbench-CMake/pbrt/src/lights/distant.cpp">
			<Option target="pbrt"/>
		</Unit>
		<Unit filename="/home/rsulzer/cpp/reconbench-CMake/pbrt/src/lights/distant.h">
			<Option target="pbrt"/>
		</Unit>
		<Unit filename="/home/rsulzer/cpp/reconbench-CMake/pbrt/src/lights/goniometric.cpp">
			<Option target="pbrt"/>
		</Unit>
		<Unit filename="/home/rsulzer/cpp/reconbench-CMake/pbrt/src/lights/goniometric.h">
			<Option target="pbrt"/>
		</Unit>
		<Unit filename="/home/rsulzer/cpp/reconbench-CMake/pbrt/src/lights/infinite.cpp">
			<Option target="pbrt"/>
		</Unit>
		<Unit filename="/home/rsulzer/cpp/reconbench-CMake/pbrt/src/lights/infinite.h">
			<Option target="pbrt"/>
		</Unit>
		<Unit filename="/home/rsulzer/cpp/reconbench-CMake/pbrt/src/lights/point.cpp">
			<Option target="pbrt"/>
		</Unit>
		<Unit filename="/home/rsulzer/cpp/reconbench-CMake/pbrt/src/lights/point.h">
			<Option target="pbrt"/>
		</Unit>
		<Unit filename="/home/rsulzer/cpp/reconbench-CMake/pbrt/src/lights/projection.cpp">
			<Option target="pbrt"/>
		</Unit>
		<Unit filename="/home/rsulzer/cpp/reconbench-CMake/pbrt/src/lights/projection.h">
			<Option target="pbrt"/>
		</Unit>
		<Unit filename="/home/rsulzer/cpp/reconbench-CMake/pbrt/src/lights/spot.cpp">
			<Option target="pbrt"/>
		</Unit>
		<Unit filename="/home/rsulzer/cpp/reconbench-CMake/pbrt/src/lights/spot.h">
			<Option target="pbrt"/>
		</Unit>
		<Unit filename="/home/rsulzer/cpp/reconbench-CMake/pbrt/src/main/pbrt.cpp">
			<Option target="pbrt"/>
		</Unit>
		<Unit filename="/home/rsulzer/cpp/reconbench-CMake/pbrt/src/materials/glass.cpp">
			<Option target="pbrt"/>
		</Unit>
		<Unit filename="/home/rsulzer/cpp/reconbench-CMake/pbrt/src/materials/glass.h">
			<Option target="pbrt"/>
		</Unit>
		<Unit filename="/home/rsulzer/cpp/reconbench-CMake/pbrt/src/materials/kdsubsurface.cpp">
			<Option target="pbrt"/>
		</Unit>
		<Unit filename="/home/rsulzer/cpp/reconbench-CMake/pbrt/src/materials/kdsubsurface.h">
			<Option target="pbrt"/>
		</Unit>
		<Unit filename="/home/rsulzer/cpp/reconbench-CMake/pbrt/src/materials/matte.cpp">
			<Option target="pbrt"/>
		</Unit>
		<Unit filename="/home/rsulzer/cpp/reconbench-CMake/pbrt/src/materials/matte.h">
			<Option target="pbrt"/>
		</Unit>
		<Unit filename="/home/rsulzer/cpp/reconbench-CMake/pbrt/src/materials/measured.cpp">
			<Option target="pbrt"/>
		</Unit>
		<Unit filename="/home/rsulzer/cpp/reconbench-CMake/pbrt/src/materials/measured.h">
			<Option target="pbrt"/>
		</Unit>
		<Unit filename="/home/rsulzer/cpp/reconbench-CMake/pbrt/src/materials/metal.cpp">
			<Option target="pbrt"/>
		</Unit>
		<Unit filename="/home/rsulzer/cpp/reconbench-CMake/pbrt/src/materials/metal.h">
			<Option target="pbrt"/>
		</Unit>
		<Unit filename="/home/rsulzer/cpp/reconbench-CMake/pbrt/src/materials/mirror.cpp">
			<Option target="pbrt"/>
		</Unit>
		<Unit filename="/home/rsulzer/cpp/reconbench-CMake/pbrt/src/materials/mirror.h">
			<Option target="pbrt"/>
		</Unit>
		<Unit filename="/home/rsulzer/cpp/reconbench-CMake/pbrt/src/materials/mixmat.cpp">
			<Option target="pbrt"/>
		</Unit>
		<Unit filename="/home/rsulzer/cpp/reconbench-CMake/pbrt/src/materials/mixmat.h">
			<Option target="pbrt"/>
		</Unit>
		<Unit filename="/home/rsulzer/cpp/reconbench-CMake/pbrt/src/materials/plastic.cpp">
			<Option target="pbrt"/>
		</Unit>
		<Unit filename="/home/rsulzer/cpp/reconbench-CMake/pbrt/src/materials/plastic.h">
			<Option target="pbrt"/>
		</Unit>
		<Unit filename="/home/rsulzer/cpp/reconbench-CMake/pbrt/src/materials/shinymetal.cpp">
			<Option target="pbrt"/>
		</Unit>
		<Unit filename="/home/rsulzer/cpp/reconbench-CMake/pbrt/src/materials/shinymetal.h">
			<Option target="pbrt"/>
		</Unit>
		<Unit filename="/home/rsulzer/cpp/reconbench-CMake/pbrt/src/materials/substrate.cpp">
			<Option target="pbrt"/>
		</Unit>
		<Unit filename="/home/rsulzer/cpp/reconbench-CMake/pbrt/src/materials/substrate.h">
			<Option target="pbrt"/>
		</Unit>
		<Unit filename="/home/rsulzer/cpp/reconbench-CMake/pbrt/src/materials/subsurface.cpp">
			<Option target="pbrt"/>
		</Unit>
		<Unit filename="/home/rsulzer/cpp/reconbench-CMake/pbrt/src/materials/subsurface.h">
			<Option target="pbrt"/>
		</Unit>
		<Unit filename="/home/rsulzer/cpp/reconbench-CMake/pbrt/src/materials/translucent.cpp">
			<Option target="pbrt"/>
		</Unit>
		<Unit filename="/home/rsulzer/cpp/reconbench-CMake/pbrt/src/materials/translucent.h">
			<Option target="pbrt"/>
		</Unit>
		<Unit filename="/home/rsulzer/cpp/reconbench-CMake/pbrt/src/materials/uber.cpp">
			<Option target="pbrt"/>
		</Unit>
		<Unit filename="/home/rsulzer/cpp/reconbench-CMake/pbrt/src/materials/uber.h">
			<Option target="pbrt"/>
		</Unit>
		<Unit filename="/home/rsulzer/cpp/reconbench-CMake/pbrt/src/renderers/aggregatetest.cpp">
			<Option target="pbrt"/>
		</Unit>
		<Unit filename="/home/rsulzer/cpp/reconbench-CMake/pbrt/src/renderers/aggregatetest.h">
			<Option target="pbrt"/>
		</Unit>
		<Unit filename="/home/rsulzer/cpp/reconbench-CMake/pbrt/src/renderers/createprobes.cpp">
			<Option target="pbrt"/>
		</Unit>
		<Unit filename="/home/rsulzer/cpp/reconbench-CMake/pbrt/src/renderers/createprobes.h">
			<Option target="pbrt"/>
		</Unit>
		<Unit filename="/home/rsulzer/cpp/reconbench-CMake/pbrt/src/renderers/metropolis.cpp">
			<Option target="pbrt"/>
		</Unit>
		<Unit filename="/home/rsulzer/cpp/reconbench-CMake/pbrt/src/renderers/metropolis.h">
			<Option target="pbrt"/>
		</Unit>
		<Unit filename="/home/rsulzer/cpp/reconbench-CMake/pbrt/src/renderers/samplerrenderer.cpp">
			<Option target="pbrt"/>
		</Unit>
		<Unit filename="/home/rsulzer/cpp/reconbench-CMake/pbrt/src/renderers/samplerrenderer.h">
			<Option target="pbrt"/>
		</Unit>
		<Unit filename="/home/rsulzer/cpp/reconbench-CMake/pbrt/src/renderers/surfacepoints.cpp">
			<Option target="pbrt"/>
		</Unit>
		<Unit filename="/home/rsulzer/cpp/reconbench-CMake/pbrt/src/renderers/surfacepoints.h">
			<Option target="pbrt"/>
		</Unit>
		<Unit filename="/home/rsulzer/cpp/reconbench-CMake/pbrt/src/samplers/adaptive.cpp">
			<Option target="pbrt"/>
		</Unit>
		<Unit filename="/home/rsulzer/cpp/reconbench-CMake/pbrt/src/samplers/adaptive.h">
			<Option target="pbrt"/>
		</Unit>
		<Unit filename="/home/rsulzer/cpp/reconbench-CMake/pbrt/src/samplers/bestcandidate.cpp">
			<Option target="pbrt"/>
		</Unit>
		<Unit filename="/home/rsulzer/cpp/reconbench-CMake/pbrt/src/samplers/bestcandidate.h">
			<Option target="pbrt"/>
		</Unit>
		<Unit filename="/home/rsulzer/cpp/reconbench-CMake/pbrt/src/samplers/halton.cpp">
			<Option target="pbrt"/>
		</Unit>
		<Unit filename="/home/rsulzer/cpp/reconbench-CMake/pbrt/src/samplers/halton.h">
			<Option target="pbrt"/>
		</Unit>
		<Unit filename="/home/rsulzer/cpp/reconbench-CMake/pbrt/src/samplers/lowdiscrepancy.cpp">
			<Option target="pbrt"/>
		</Unit>
		<Unit filename="/home/rsulzer/cpp/reconbench-CMake/pbrt/src/samplers/lowdiscrepancy.h">
			<Option target="pbrt"/>
		</Unit>
		<Unit filename="/home/rsulzer/cpp/reconbench-CMake/pbrt/src/samplers/random.cpp">
			<Option target="pbrt"/>
		</Unit>
		<Unit filename="/home/rsulzer/cpp/reconbench-CMake/pbrt/src/samplers/random.h">
			<Option target="pbrt"/>
		</Unit>
		<Unit filename="/home/rsulzer/cpp/reconbench-CMake/pbrt/src/samplers/stratified.cpp">
			<Option target="pbrt"/>
		</Unit>
		<Unit filename="/home/rsulzer/cpp/reconbench-CMake/pbrt/src/samplers/stratified.h">
			<Option target="pbrt"/>
		</Unit>
		<Unit filename="/home/rsulzer/cpp/reconbench-CMake/pbrt/src/shapes/cone.cpp">
			<Option target="pbrt"/>
		</Unit>
		<Unit filename="/home/rsulzer/cpp/reconbench-CMake/pbrt/src/shapes/cone.h">
			<Option target="pbrt"/>
		</Unit>
		<Unit filename="/home/rsulzer/cpp/reconbench-CMake/pbrt/src/shapes/cylinder.cpp">
			<Option target="pbrt"/>
		</Unit>
		<Unit filename="/home/rsulzer/cpp/reconbench-CMake/pbrt/src/shapes/cylinder.h">
			<Option target="pbrt"/>
		</Unit>
		<Unit filename="/home/rsulzer/cpp/reconbench-CMake/pbrt/src/shapes/disk.cpp">
			<Option target="pbrt"/>
		</Unit>
		<Unit filename="/home/rsulzer/cpp/reconbench-CMake/pbrt/src/shapes/disk.h">
			<Option target="pbrt"/>
		</Unit>
		<Unit filename="/home/rsulzer/cpp/reconbench-CMake/pbrt/src/shapes/heightfield.cpp">
			<Option target="pbrt"/>
		</Unit>
		<Unit filename="/home/rsulzer/cpp/reconbench-CMake/pbrt/src/shapes/heightfield.h">
			<Option target="pbrt"/>
		</Unit>
		<Unit filename="/home/rsulzer/cpp/reconbench-CMake/pbrt/src/shapes/hyperboloid.cpp">
			<Option target="pbrt"/>
		</Unit>
		<Unit filename="/home/rsulzer/cpp/reconbench-CMake/pbrt/src/shapes/hyperboloid.h">
			<Option target="pbrt"/>
		</Unit>
		<Unit filename="/home/rsulzer/cpp/reconbench-CMake/pbrt/src/shapes/loopsubdiv.cpp">
			<Option target="pbrt"/>
		</Unit>
		<Unit filename="/home/rsulzer/cpp/reconbench-CMake/pbrt/src/shapes/loopsubdiv.h">
			<Option target="pbrt"/>
		</Unit>
		<Unit filename="/home/rsulzer/cpp/reconbench-CMake/pbrt/src/shapes/nurbs.cpp">
			<Option target="pbrt"/>
		</Unit>
		<Unit filename="/home/rsulzer/cpp/reconbench-CMake/pbrt/src/shapes/nurbs.h">
			<Option target="pbrt"/>
		</Unit>
		<Unit filename="/home/rsulzer/cpp/reconbench-CMake/pbrt/src/shapes/paraboloid.cpp">
			<Option target="pbrt"/>
		</Unit>
		<Unit filename="/home/rsulzer/cpp/reconbench-CMake/pbrt/src/shapes/paraboloid.h">
			<Option target="pbrt"/>
		</Unit>
		<Unit filename="/home/rsulzer/cpp/reconbench-CMake/pbrt/src/shapes/sphere.cpp">
			<Option target="pbrt"/>
		</Unit>
		<Unit filename="/home/rsulzer/cpp/reconbench-CMake/pbrt/src/shapes/sphere.h">
			<Option target="pbrt"/>
		</Unit>
		<Unit filename="/home/rsulzer/cpp/reconbench-CMake/pbrt/src/shapes/trianglemesh.cpp">
			<Option target="pbrt"/>
		</Unit>
		<Unit filename="/home/rsulzer/cpp/reconbench-CMake/pbrt/src/shapes/trianglemesh.h">
			<Option target="pbrt"/>
		</Unit>
		<Unit filename="/home/rsulzer/cpp/reconbench-CMake/pbrt/src/textures/bilerp.cpp">
			<Option target="pbrt"/>
		</Unit>
		<Unit filename="/home/rsulzer/cpp/reconbench-CMake/pbrt/src/textures/bilerp.h">
			<Option target="pbrt"/>
		</Unit>
		<Unit filename="/home/rsulzer/cpp/reconbench-CMake/pbrt/src/textures/checkerboard.cpp">
			<Option target="pbrt"/>
		</Unit>
		<Unit filename="/home/rsulzer/cpp/reconbench-CMake/pbrt/src/textures/checkerboard.h">
			<Option target="pbrt"/>
		</Unit>
		<Unit filename="/home/rsulzer/cpp/reconbench-CMake/pbrt/src/textures/constant.cpp">
			<Option target="pbrt"/>
		</Unit>
		<Unit filename="/home/rsulzer/cpp/reconbench-CMake/pbrt/src/textures/constant.h">
			<Option target="pbrt"/>
		</Unit>
		<Unit filename="/home/rsulzer/cpp/reconbench-CMake/pbrt/src/textures/dots.cpp">
			<Option target="pbrt"/>
		</Unit>
		<Unit filename="/home/rsulzer/cpp/reconbench-CMake/pbrt/src/textures/dots.h">
			<Option target="pbrt"/>
		</Unit>
		<Unit filename="/home/rsulzer/cpp/reconbench-CMake/pbrt/src/textures/fbm.cpp">
			<Option target="pbrt"/>
		</Unit>
		<Unit filename="/home/rsulzer/cpp/reconbench-CMake/pbrt/src/textures/fbm.h">
			<Option target="pbrt"/>
		</Unit>
		<Unit filename="/home/rsulzer/cpp/reconbench-CMake/pbrt/src/textures/imagemap.cpp">
			<Option target="pbrt"/>
		</Unit>
		<Unit filename="/home/rsulzer/cpp/reconbench-CMake/pbrt/src/textures/imagemap.h">
			<Option target="pbrt"/>
		</Unit>
		<Unit filename="/home/rsulzer/cpp/reconbench-CMake/pbrt/src/textures/marble.cpp">
			<Option target="pbrt"/>
		</Unit>
		<Unit filename="/home/rsulzer/cpp/reconbench-CMake/pbrt/src/textures/marble.h">
			<Option target="pbrt"/>
		</Unit>
		<Unit filename="/home/rsulzer/cpp/reconbench-CMake/pbrt/src/textures/mix.cpp">
			<Option target="pbrt"/>
		</Unit>
		<Unit filename="/home/rsulzer/cpp/reconbench-CMake/pbrt/src/textures/mix.h">
			<Option target="pbrt"/>
		</Unit>
		<Unit filename="/home/rsulzer/cpp/reconbench-CMake/pbrt/src/textures/scale.cpp">
			<Option target="pbrt"/>
		</Unit>
		<Unit filename="/home/rsulzer/cpp/reconbench-CMake/pbrt/src/textures/scale.h">
			<Option target="pbrt"/>
		</Unit>
		<Unit filename="/home/rsulzer/cpp/reconbench-CMake/pbrt/src/textures/uv.cpp">
			<Option target="pbrt"/>
		</Unit>
		<Unit filename="/home/rsulzer/cpp/reconbench-CMake/pbrt/src/textures/uv.h">
			<Option target="pbrt"/>
		</Unit>
		<Unit filename="/home/rsulzer/cpp/reconbench-CMake/pbrt/src/textures/windy.cpp">
			<Option target="pbrt"/>
		</Unit>
		<Unit filename="/home/rsulzer/cpp/reconbench-CMake/pbrt/src/textures/windy.h">
			<Option target="pbrt"/>
		</Unit>
		<Unit filename="/home/rsulzer/cpp/reconbench-CMake/pbrt/src/textures/wrinkled.cpp">
			<Option target="pbrt"/>
		</Unit>
		<Unit filename="/home/rsulzer/cpp/reconbench-CMake/pbrt/src/textures/wrinkled.h">
			<Option target="pbrt"/>
		</Unit>
		<Unit filename="/home/rsulzer/cpp/reconbench-CMake/pbrt/src/tools/bsdftest.cpp">
			<Option target="pbrt"/>
		</Unit>
		<Unit filename="/home/rsulzer/cpp/reconbench-CMake/pbrt/src/tools/exravg.cpp">
			<Option target="pbrt"/>
		</Unit>
		<Unit filename="/home/rsulzer/cpp/reconbench-CMake/pbrt/src/tools/exrdiff.cpp">
			<Option target="pbrt"/>
		</Unit>
		<Unit filename="/home/rsulzer/cpp/reconbench-CMake/pbrt/src/tools/exrtotiff.cpp">
			<Option target="pbrt"/>
		</Unit>
		<Unit filename="/home/rsulzer/cpp/reconbench-CMake/pbrt/src/tools/samplepat.cpp">
			<Option target="pbrt"/>
		</Unit>
		<Unit filename="/home/rsulzer/cpp/reconbench-CMake/pbrt/src/tools/tifftoexr.cpp">
			<Option target="pbrt"/>
		</Unit>
		<Unit filename="/home/rsulzer/cpp/reconbench-CMake/pbrt/src/volumes/exponential.cpp">
			<Option target="pbrt"/>
		</Unit>
		<Unit filename="/home/rsulzer/cpp/reconbench-CMake/pbrt/src/volumes/exponential.h">
			<Option target="pbrt"/>
		</Unit>
		<Unit filename="/home/rsulzer/cpp/reconbench-CMake/pbrt/src/volumes/homogeneous.cpp">
			<Option target="pbrt"/>
		</Unit>
		<Unit filename="/home/rsulzer/cpp/reconbench-CMake/pbrt/src/volumes/homogeneous.h">
			<Option target="pbrt"/>
		</Unit>
		<Unit filename="/home/rsulzer/cpp/reconbench-CMake/pbrt/src/volumes/volumegrid.cpp">
			<Option target="pbrt"/>
		</Unit>
		<Unit filename="/home/rsulzer/cpp/reconbench-CMake/pbrt/src/volumes/volumegrid.h">
			<Option target="pbrt"/>
		</Unit>
		<Unit filename="/home/rsulzer/cpp/reconbench-CMake/CMakeLists.txt">
			<Option virtualFolder="CMake Files\"/>
		</Unit>
		<Unit filename="/home/rsulzer/cpp/reconbench-CMake/OpenMesh/CMakeLists.txt">
			<Option virtualFolder="CMake Files\OpenMesh\"/>
		</Unit>
		<Unit filename="/home/rsulzer/cpp/reconbench-CMake/ann/CMakeLists.txt">
			<Option virtualFolder="CMake Files\ann\"/>
		</Unit>
		<Unit filename="/home/rsulzer/cpp/reconbench-CMake/pbrt/CMakeLists.txt">
			<Option virtualFolder="CMake Files\pbrt\"/>
		</Unit>
		<Unit filename="/home/rsulzer/cpp/reconbench-CMake/pbrt/FindOpenEXR.cmake">
			<Option virtualFolder="CMake Files\pbrt\"/>
		</Unit>
		<Unit filename="/home/rsulzer/cpp/reconbench-CMake/registration/CMakeLists.txt">
			<Option virtualFolder="CMake Files\registration\"/>
		</Unit>
		<Unit filename="/home/rsulzer/cpp/reconbench-CMake/registration/FindCholmod.cmake">
			<Option virtualFolder="CMake Files\registration\"/>
		</Unit>
	</Project>
</CodeBlocks_project_file>
